// !$*UTF8*$!
{
	archiveVersion = 1;
	classes = {
	};
	objectVersion = 50;
	objects = {

/* Begin PBXAggregateTarget section */
		24416B8111C4CA220047AFDD /* Build & Test */ = {
			isa = PBXAggregateTarget;
			buildConfigurationList = 24416B8A11C4CA520047AFDD /* Build configuration list for PBXAggregateTarget "Build & Test" */;
			buildPhases = (
				24416B8011C4CA220047AFDD /* ShellScript */,
			);
			dependencies = (
				24416B8511C4CA280047AFDD /* PBXTargetDependency */,
			);
			name = "Build & Test";
			productName = "Build & test";
		};
/* End PBXAggregateTarget section */

/* Begin PBXBuildFile section */
		24DD6CF91134B3F500162E58 /* TiLivequeryModule.h in Headers */ = {isa = PBXBuildFile; fileRef = 24DD6CF71134B3F500162E58 /* TiLivequeryModule.h */; };
		24DD6CFA1134B3F500162E58 /* TiLivequeryModule.m in Sources */ = {isa = PBXBuildFile; fileRef = 24DD6CF81134B3F500162E58 /* TiLivequeryModule.m */; };
		24DE9E1111C5FE74003F90F6 /* TiLivequeryModuleAssets.h in Headers */ = {isa = PBXBuildFile; fileRef = 24DE9E0F11C5FE74003F90F6 /* TiLivequeryModuleAssets.h */; };
		24DE9E1211C5FE74003F90F6 /* TiLivequeryModuleAssets.m in Sources */ = {isa = PBXBuildFile; fileRef = 24DE9E1011C5FE74003F90F6 /* TiLivequeryModuleAssets.m */; };
		AA747D9F0F9514B9006C5449 /* TiLivequery_Prefix.pch in Headers */ = {isa = PBXBuildFile; fileRef = AA747D9E0F9514B9006C5449 /* TiLivequery_Prefix.pch */; };
		AACBBE4A0F95108600F1A2B1 /* Foundation.framework in Frameworks */ = {isa = PBXBuildFile; fileRef = AACBBE490F95108600F1A2B1 /* Foundation.framework */; };
		DB127EDF207CC02100D41D9A /* Bolts.framework in Frameworks */ = {isa = PBXBuildFile; fileRef = DB127EDA207CC02100D41D9A /* Bolts.framework */; };
		DB127EE0207CC02100D41D9A /* Parse.framework in Frameworks */ = {isa = PBXBuildFile; fileRef = DB127EDB207CC02100D41D9A /* Parse.framework */; };
		DB127EE1207CC02100D41D9A /* BoltsSwift.framework in Frameworks */ = {isa = PBXBuildFile; fileRef = DB127EDC207CC02100D41D9A /* BoltsSwift.framework */; };
		DB127EE2207CC02100D41D9A /* ParseLiveQuery.framework in Frameworks */ = {isa = PBXBuildFile; fileRef = DB127EDD207CC02100D41D9A /* ParseLiveQuery.framework */; };
		DB127EE3207CC02100D41D9A /* Starscream.framework in Frameworks */ = {isa = PBXBuildFile; fileRef = DB127EDE207CC02100D41D9A /* Starscream.framework */; };
		DB127EE6207CC34B00D41D9A /* TiLivequeryClientProxy.h in Headers */ = {isa = PBXBuildFile; fileRef = DB127EE4207CC34B00D41D9A /* TiLivequeryClientProxy.h */; };
		DB127EE7207CC34B00D41D9A /* TiLivequeryClientProxy.m in Sources */ = {isa = PBXBuildFile; fileRef = DB127EE5207CC34B00D41D9A /* TiLivequeryClientProxy.m */; };
		DB9F1F042080CC2C002C2AA1 /* TiLivequeryQueryProxy.h in Headers */ = {isa = PBXBuildFile; fileRef = DB9F1F022080CC2C002C2AA1 /* TiLivequeryQueryProxy.h */; };
		DB9F1F052080CC2C002C2AA1 /* TiLivequeryQueryProxy.m in Sources */ = {isa = PBXBuildFile; fileRef = DB9F1F032080CC2C002C2AA1 /* TiLivequeryQueryProxy.m */; };
		DBBA692620809E3700F8B67B /* TiLivequeryObjectProxy.h in Headers */ = {isa = PBXBuildFile; fileRef = DBBA692420809E3700F8B67B /* TiLivequeryObjectProxy.h */; };
		DBBA692720809E3700F8B67B /* TiLivequeryObjectProxy.m in Sources */ = {isa = PBXBuildFile; fileRef = DBBA692520809E3700F8B67B /* TiLivequeryObjectProxy.m */; };
/* End PBXBuildFile section */

/* Begin PBXContainerItemProxy section */
		24416B8411C4CA280047AFDD /* PBXContainerItemProxy */ = {
			isa = PBXContainerItemProxy;
			containerPortal = 0867D690FE84028FC02AAC07 /* Project object */;
			proxyType = 1;
			remoteGlobalIDString = D2AAC07D0554694100DB518D;
			remoteInfo = "titanium-parse-live-query";
		};
/* End PBXContainerItemProxy section */

/* Begin PBXFileReference section */
		24DD6CF71134B3F500162E58 /* TiLivequeryModule.h */ = {isa = PBXFileReference; fileEncoding = 4; lastKnownFileType = sourcecode.c.h; name = TiLivequeryModule.h; path = Classes/TiLivequeryModule.h; sourceTree = "<group>"; };
		24DD6CF81134B3F500162E58 /* TiLivequeryModule.m */ = {isa = PBXFileReference; fileEncoding = 4; lastKnownFileType = sourcecode.c.objc; name = TiLivequeryModule.m; path = Classes/TiLivequeryModule.m; sourceTree = "<group>"; };
		24DD6D1B1134B66800162E58 /* titanium.xcconfig */ = {isa = PBXFileReference; fileEncoding = 4; lastKnownFileType = text.xcconfig; path = titanium.xcconfig; sourceTree = "<group>"; };
		24DE9E0F11C5FE74003F90F6 /* TiLivequeryModuleAssets.h */ = {isa = PBXFileReference; fileEncoding = 4; lastKnownFileType = sourcecode.c.h; name = TiLivequeryModuleAssets.h; path = Classes/TiLivequeryModuleAssets.h; sourceTree = "<group>"; };
		24DE9E1011C5FE74003F90F6 /* TiLivequeryModuleAssets.m */ = {isa = PBXFileReference; fileEncoding = 4; lastKnownFileType = sourcecode.c.objc; name = TiLivequeryModuleAssets.m; path = Classes/TiLivequeryModuleAssets.m; sourceTree = "<group>"; };
		AA747D9E0F9514B9006C5449 /* TiLivequery_Prefix.pch */ = {isa = PBXFileReference; fileEncoding = 4; lastKnownFileType = sourcecode.c.h; path = TiLivequery_Prefix.pch; sourceTree = SOURCE_ROOT; };
		AACBBE490F95108600F1A2B1 /* Foundation.framework */ = {isa = PBXFileReference; lastKnownFileType = wrapper.framework; name = Foundation.framework; path = System/Library/Frameworks/Foundation.framework; sourceTree = SDKROOT; };
		D2AAC07E0554694100DB518D /* libti.livequery.a */ = {isa = PBXFileReference; explicitFileType = archive.ar; includeInIndex = 0; path = libti.livequery.a; sourceTree = BUILT_PRODUCTS_DIR; };
		DB127EDA207CC02100D41D9A /* Bolts.framework */ = {isa = PBXFileReference; lastKnownFileType = wrapper.framework; name = Bolts.framework; path = platform/Bolts.framework; sourceTree = "<group>"; };
		DB127EDB207CC02100D41D9A /* Parse.framework */ = {isa = PBXFileReference; lastKnownFileType = wrapper.framework; name = Parse.framework; path = platform/Parse.framework; sourceTree = "<group>"; };
		DB127EDC207CC02100D41D9A /* BoltsSwift.framework */ = {isa = PBXFileReference; lastKnownFileType = wrapper.framework; name = BoltsSwift.framework; path = platform/BoltsSwift.framework; sourceTree = "<group>"; };
		DB127EDD207CC02100D41D9A /* ParseLiveQuery.framework */ = {isa = PBXFileReference; lastKnownFileType = wrapper.framework; name = ParseLiveQuery.framework; path = platform/ParseLiveQuery.framework; sourceTree = "<group>"; };
		DB127EDE207CC02100D41D9A /* Starscream.framework */ = {isa = PBXFileReference; lastKnownFileType = wrapper.framework; name = Starscream.framework; path = platform/Starscream.framework; sourceTree = "<group>"; };
		DB127EE4207CC34B00D41D9A /* TiLivequeryClientProxy.h */ = {isa = PBXFileReference; lastKnownFileType = sourcecode.c.h; name = TiLivequeryClientProxy.h; path = Classes/TiLivequeryClientProxy.h; sourceTree = "<group>"; };
		DB127EE5207CC34B00D41D9A /* TiLivequeryClientProxy.m */ = {isa = PBXFileReference; lastKnownFileType = sourcecode.c.objc; name = TiLivequeryClientProxy.m; path = Classes/TiLivequeryClientProxy.m; sourceTree = "<group>"; };
		DB9F1F022080CC2C002C2AA1 /* TiLivequeryQueryProxy.h */ = {isa = PBXFileReference; lastKnownFileType = sourcecode.c.h; path = TiLivequeryQueryProxy.h; sourceTree = "<group>"; };
		DB9F1F032080CC2C002C2AA1 /* TiLivequeryQueryProxy.m */ = {isa = PBXFileReference; lastKnownFileType = sourcecode.c.objc; path = TiLivequeryQueryProxy.m; sourceTree = "<group>"; };
		DBBA692420809E3700F8B67B /* TiLivequeryObjectProxy.h */ = {isa = PBXFileReference; lastKnownFileType = sourcecode.c.h; name = TiLivequeryObjectProxy.h; path = Classes/TiLivequeryObjectProxy.h; sourceTree = "<group>"; };
		DBBA692520809E3700F8B67B /* TiLivequeryObjectProxy.m */ = {isa = PBXFileReference; lastKnownFileType = sourcecode.c.objc; name = TiLivequeryObjectProxy.m; path = Classes/TiLivequeryObjectProxy.m; sourceTree = "<group>"; };
/* End PBXFileReference section */

/* Begin PBXFrameworksBuildPhase section */
		D2AAC07C0554694100DB518D /* Frameworks */ = {
			isa = PBXFrameworksBuildPhase;
			buildActionMask = 2147483647;
			files = (
				DB127EDF207CC02100D41D9A /* Bolts.framework in Frameworks */,
				DB127EE0207CC02100D41D9A /* Parse.framework in Frameworks */,
				DB127EE1207CC02100D41D9A /* BoltsSwift.framework in Frameworks */,
				DB127EE2207CC02100D41D9A /* ParseLiveQuery.framework in Frameworks */,
				DB127EE3207CC02100D41D9A /* Starscream.framework in Frameworks */,
				AACBBE4A0F95108600F1A2B1 /* Foundation.framework in Frameworks */,
			);
			runOnlyForDeploymentPostprocessing = 0;
		};
/* End PBXFrameworksBuildPhase section */

/* Begin PBXGroup section */
		034768DFFF38A50411DB9C8B /* Products */ = {
			isa = PBXGroup;
			children = (
				D2AAC07E0554694100DB518D /* libti.livequery.a */,
			);
			name = Products;
			sourceTree = "<group>";
		};
		0867D691FE84028FC02AAC07 /* titanium-parse-live-query */ = {
			isa = PBXGroup;
			children = (
				08FB77AEFE84172EC02AAC07 /* Classes */,
				32C88DFF0371C24200C91783 /* Other Sources */,
				0867D69AFE84028FC02AAC07 /* Frameworks */,
				034768DFFF38A50411DB9C8B /* Products */,
			);
			name = "titanium-parse-live-query";
			sourceTree = "<group>";
		};
		0867D69AFE84028FC02AAC07 /* Frameworks */ = {
			isa = PBXGroup;
			children = (
				DB127EDA207CC02100D41D9A /* Bolts.framework */,
				DB127EDC207CC02100D41D9A /* BoltsSwift.framework */,
				DB127EDB207CC02100D41D9A /* Parse.framework */,
				DB127EDD207CC02100D41D9A /* ParseLiveQuery.framework */,
				DB127EDE207CC02100D41D9A /* Starscream.framework */,
				AACBBE490F95108600F1A2B1 /* Foundation.framework */,
			);
			name = Frameworks;
			sourceTree = "<group>";
		};
		08FB77AEFE84172EC02AAC07 /* Classes */ = {
			isa = PBXGroup;
			children = (
				DBC8A09A208E0B34007EAC38 /* Module */,
				DBC8A099208E0B2D007EAC38 /* Query */,
				DBC8A098208E0B29007EAC38 /* Client */,
				DBC8A097208E0B23007EAC38 /* Object */,
			);
			name = Classes;
			sourceTree = "<group>";
		};
		32C88DFF0371C24200C91783 /* Other Sources */ = {
			isa = PBXGroup;
			children = (
				24DE9E0F11C5FE74003F90F6 /* TiLivequeryModuleAssets.h */,
				24DE9E1011C5FE74003F90F6 /* TiLivequeryModuleAssets.m */,
				AA747D9E0F9514B9006C5449 /* TiLivequery_Prefix.pch */,
				24DD6D1B1134B66800162E58 /* titanium.xcconfig */,
			);
			name = "Other Sources";
			sourceTree = "<group>";
		};
		DBC8A097208E0B23007EAC38 /* Object */ = {
			isa = PBXGroup;
			children = (
				DBBA692420809E3700F8B67B /* TiLivequeryObjectProxy.h */,
				DBBA692520809E3700F8B67B /* TiLivequeryObjectProxy.m */,
			);
			name = Object;
			sourceTree = "<group>";
		};
		DBC8A098208E0B29007EAC38 /* Client */ = {
			isa = PBXGroup;
			children = (
				DB127EE4207CC34B00D41D9A /* TiLivequeryClientProxy.h */,
				DB127EE5207CC34B00D41D9A /* TiLivequeryClientProxy.m */,
			);
			name = Client;
			sourceTree = "<group>";
		};
		DBC8A099208E0B2D007EAC38 /* Query */ = {
			isa = PBXGroup;
			children = (
				DB9F1F022080CC2C002C2AA1 /* TiLivequeryQueryProxy.h */,
				DB9F1F032080CC2C002C2AA1 /* TiLivequeryQueryProxy.m */,
			);
			name = Query;
			sourceTree = "<group>";
		};
		DBC8A09A208E0B34007EAC38 /* Module */ = {
			isa = PBXGroup;
			children = (
				24DD6CF71134B3F500162E58 /* TiLivequeryModule.h */,
				24DD6CF81134B3F500162E58 /* TiLivequeryModule.m */,
			);
			name = Module;
			sourceTree = "<group>";
		};
/* End PBXGroup section */

/* Begin PBXHeadersBuildPhase section */
		D2AAC07A0554694100DB518D /* Headers */ = {
			isa = PBXHeadersBuildPhase;
			buildActionMask = 2147483647;
			files = (
				DB9F1F042080CC2C002C2AA1 /* TiLivequeryQueryProxy.h in Headers */,
				AA747D9F0F9514B9006C5449 /* TiLivequery_Prefix.pch in Headers */,
				24DD6CF91134B3F500162E58 /* TiLivequeryModule.h in Headers */,
				DBBA692620809E3700F8B67B /* TiLivequeryObjectProxy.h in Headers */,
				DB127EE6207CC34B00D41D9A /* TiLivequeryClientProxy.h in Headers */,
				24DE9E1111C5FE74003F90F6 /* TiLivequeryModuleAssets.h in Headers */,
			);
			runOnlyForDeploymentPostprocessing = 0;
		};
/* End PBXHeadersBuildPhase section */

/* Begin PBXNativeTarget section */
		D2AAC07D0554694100DB518D /* titanium-parse-live-query */ = {
			isa = PBXNativeTarget;
			buildConfigurationList = 1DEB921E08733DC00010E9CD /* Build configuration list for PBXNativeTarget "titanium-parse-live-query" */;
			buildPhases = (
				D2AAC07A0554694100DB518D /* Headers */,
				D2AAC07B0554694100DB518D /* Sources */,
				D2AAC07C0554694100DB518D /* Frameworks */,
			);
			buildRules = (
			);
			dependencies = (
			);
			name = "titanium-parse-live-query";
			productName = "titanium-parse-live-query";
			productReference = D2AAC07E0554694100DB518D /* libti.livequery.a */;
			productType = "com.apple.product-type.library.static";
		};
/* End PBXNativeTarget section */

/* Begin PBXProject section */
		0867D690FE84028FC02AAC07 /* Project object */ = {
			isa = PBXProject;
			attributes = {
				LastUpgradeCheck = 0800;
			};
			buildConfigurationList = 1DEB922208733DC00010E9CD /* Build configuration list for PBXProject "titanium-parse-live-query" */;
			compatibilityVersion = "Xcode 9.3";
			developmentRegion = English;
			hasScannedForEncodings = 1;
			knownRegions = (
				English,
				Japanese,
				French,
				German,
			);
			mainGroup = 0867D691FE84028FC02AAC07 /* titanium-parse-live-query */;
			productRefGroup = 034768DFFF38A50411DB9C8B /* Products */;
			projectDirPath = "";
			projectRoot = "";
			targets = (
				D2AAC07D0554694100DB518D /* titanium-parse-live-query */,
				24416B8111C4CA220047AFDD /* Build & Test */,
			);
		};
/* End PBXProject section */

/* Begin PBXShellScriptBuildPhase section */
		24416B8011C4CA220047AFDD /* ShellScript */ = {
			isa = PBXShellScriptBuildPhase;
			buildActionMask = 2147483647;
			files = (
			);
			inputPaths = (
			);
			outputPaths = (
			);
			runOnlyForDeploymentPostprocessing = 0;
			shellPath = /bin/sh;
			shellScript = "# shell script goes here\n\nappc run --project-dir \"${PROJECT_DIR}\"\nexit $?\n";
		};
/* End PBXShellScriptBuildPhase section */

/* Begin PBXSourcesBuildPhase section */
		D2AAC07B0554694100DB518D /* Sources */ = {
			isa = PBXSourcesBuildPhase;
			buildActionMask = 2147483647;
			files = (
				DB127EE7207CC34B00D41D9A /* TiLivequeryClientProxy.m in Sources */,
				24DD6CFA1134B3F500162E58 /* TiLivequeryModule.m in Sources */,
				DB9F1F052080CC2C002C2AA1 /* TiLivequeryQueryProxy.m in Sources */,
				24DE9E1211C5FE74003F90F6 /* TiLivequeryModuleAssets.m in Sources */,
				DBBA692720809E3700F8B67B /* TiLivequeryObjectProxy.m in Sources */,
			);
			runOnlyForDeploymentPostprocessing = 0;
		};
/* End PBXSourcesBuildPhase section */

/* Begin PBXTargetDependency section */
		24416B8511C4CA280047AFDD /* PBXTargetDependency */ = {
			isa = PBXTargetDependency;
			target = D2AAC07D0554694100DB518D /* titanium-parse-live-query */;
			targetProxy = 24416B8411C4CA280047AFDD /* PBXContainerItemProxy */;
		};
/* End PBXTargetDependency section */

/* Begin XCBuildConfiguration section */
		1DEB921F08733DC00010E9CD /* Debug */ = {
			isa = XCBuildConfiguration;
			baseConfigurationReference = 24DD6D1B1134B66800162E58 /* titanium.xcconfig */;
			buildSettings = {
				CLANG_ENABLE_OBJC_ARC = YES;
				CODE_SIGN_IDENTITY = "iPhone Developer";
				"CODE_SIGN_IDENTITY[sdk=iphoneos*]" = "iPhone Developer";
				DSTROOT = /tmp/TiLivequery.dst;
				FRAMEWORK_SEARCH_PATHS = (
					"$(inherited)",
					"$(PROJECT_DIR)/platform",
				);
				GCC_C_LANGUAGE_STANDARD = c99;
				GCC_OPTIMIZATION_LEVEL = 0;
				GCC_PRECOMPILE_PREFIX_HEADER = YES;
				GCC_PREFIX_HEADER = TiLivequery_Prefix.pch;
				GCC_PREPROCESSOR_DEFINITIONS = "TI_VERSION=$(TI_VERSION)";
				GCC_TREAT_WARNINGS_AS_ERRORS = NO;
				GCC_VERSION = "";
				GCC_WARN_ABOUT_RETURN_TYPE = NO;
				GCC_WARN_MISSING_PARENTHESES = NO;
				GCC_WARN_SHADOW = NO;
				GCC_WARN_STRICT_SELECTOR_MATCH = NO;
				GCC_WARN_UNUSED_FUNCTION = YES;
				GCC_WARN_UNUSED_PARAMETER = NO;
				GCC_WARN_UNUSED_VALUE = NO;
				GCC_WARN_UNUSED_VARIABLE = NO;
				INSTALL_PATH = /usr/local/lib;
				IPHONEOS_DEPLOYMENT_TARGET = 8.0;
				LIBRARY_SEARCH_PATHS = "";
				OTHER_CFLAGS = (
					"-DDEBUG",
					"-DTI_POST_1_2",
				);
				OTHER_LDFLAGS = "-ObjC";
				PRODUCT_NAME = ti.livequery;
				PROVISIONING_PROFILE = "";
				"PROVISIONING_PROFILE[sdk=iphoneos*]" = "";
				RUN_CLANG_STATIC_ANALYZER = NO;
				SDKROOT = iphoneos;
				USER_HEADER_SEARCH_PATHS = "";
				WARNING_CFLAGS = "-Wno-arc-performSelector-leaks";
			};
			name = Debug;
		};
		1DEB922008733DC00010E9CD /* Release */ = {
			isa = XCBuildConfiguration;
			baseConfigurationReference = 24DD6D1B1134B66800162E58 /* titanium.xcconfig */;
			buildSettings = {
				ALWAYS_SEARCH_USER_PATHS = NO;
				CLANG_ENABLE_OBJC_ARC = YES;
				DEPLOYMENT_POSTPROCESSING = YES;
				DSTROOT = /tmp/TiLivequery.dst;
				FRAMEWORK_SEARCH_PATHS = (
					"$(inherited)",
					"$(PROJECT_DIR)/platform",
				);
				GCC_C_LANGUAGE_STANDARD = c99;
				GCC_MODEL_TUNING = G5;
				GCC_PRECOMPILE_PREFIX_HEADER = YES;
				GCC_PREFIX_HEADER = TiLivequery_Prefix.pch;
				GCC_PREPROCESSOR_DEFINITIONS = (
					"TI_VERSION=$(TI_VERSION)",
					NDEBUG,
				);
				GCC_TREAT_WARNINGS_AS_ERRORS = NO;
				GCC_VERSION = "";
				GCC_WARN_ABOUT_RETURN_TYPE = NO;
				GCC_WARN_MISSING_PARENTHESES = NO;
				GCC_WARN_SHADOW = NO;
				GCC_WARN_STRICT_SELECTOR_MATCH = NO;
				GCC_WARN_UNUSED_FUNCTION = YES;
				GCC_WARN_UNUSED_PARAMETER = NO;
				GCC_WARN_UNUSED_VALUE = NO;
				GCC_WARN_UNUSED_VARIABLE = NO;
				INSTALL_PATH = /usr/local/lib;
				IPHONEOS_DEPLOYMENT_TARGET = 8.0;
				LIBRARY_SEARCH_PATHS = "";
				OTHER_CFLAGS = "-DTI_POST_1_2";
				OTHER_LDFLAGS = "-ObjC";
				PRODUCT_NAME = ti.livequery;
				RUN_CLANG_STATIC_ANALYZER = NO;
				SDKROOT = iphoneos;
				USER_HEADER_SEARCH_PATHS = "";
				WARNING_CFLAGS = "-Wno-arc-performSelector-leaks";
			};
			name = Release;
		};
		1DEB922308733DC00010E9CD /* Debug */ = {
			isa = XCBuildConfiguration;
			baseConfigurationReference = 24DD6D1B1134B66800162E58 /* titanium.xcconfig */;
			buildSettings = {
				CLANG_CXX_LIBRARY = "libstdc++";
				CODE_SIGN_IDENTITY = "iPhone Developer";
				"CODE_SIGN_IDENTITY[sdk=iphoneos*]" = "iPhone Developer";
				DSTROOT = /tmp/TiLivequery.dst;
				GCC_C_LANGUAGE_STANDARD = c99;
				GCC_OPTIMIZATION_LEVEL = 0;
				GCC_PRECOMPILE_PREFIX_HEADER = YES;
				GCC_PREFIX_HEADER = TiLivequery_Prefix.pch;
				GCC_PREPROCESSOR_DEFINITIONS = "TI_VERSION=$(TI_VERSION)";
				GCC_TREAT_WARNINGS_AS_ERRORS = NO;
				GCC_VERSION = "";
				GCC_WARN_ABOUT_RETURN_TYPE = NO;
				GCC_WARN_MISSING_PARENTHESES = NO;
				GCC_WARN_SHADOW = NO;
				GCC_WARN_STRICT_SELECTOR_MATCH = NO;
				GCC_WARN_UNUSED_FUNCTION = YES;
				GCC_WARN_UNUSED_PARAMETER = NO;
				GCC_WARN_UNUSED_VALUE = NO;
				GCC_WARN_UNUSED_VARIABLE = NO;
				INSTALL_PATH = /usr/local/lib;
				ONLY_ACTIVE_ARCH = YES;
				OTHER_CFLAGS = (
					"-DDEBUG",
					"-DTI_POST_1_2",
				);
				OTHER_LDFLAGS = "-ObjC";
				PRODUCT_NAME = ti.livequery;
				PROVISIONING_PROFILE = "";
				"PROVISIONING_PROFILE[sdk=iphoneos*]" = "";
				RUN_CLANG_STATIC_ANALYZER = NO;
				SDKROOT = iphoneos;
				USER_HEADER_SEARCH_PATHS = "";
			};
			name = Debug;
		};
		1DEB922408733DC00010E9CD /* Release */ = {
			isa = XCBuildConfiguration;
			baseConfigurationReference = 24DD6D1B1134B66800162E58 /* titanium.xcconfig */;
			buildSettings = {
				ALWAYS_SEARCH_USER_PATHS = NO;
				CLANG_CXX_LIBRARY = "libstdc++";
				DSTROOT = /tmp/TiLivequery.dst;
				GCC_C_LANGUAGE_STANDARD = c99;
				GCC_MODEL_TUNING = G5;
				GCC_PRECOMPILE_PREFIX_HEADER = YES;
				GCC_PREFIX_HEADER = TiLivequery_Prefix.pch;
				GCC_PREPROCESSOR_DEFINITIONS = "TI_VERSION=$(TI_VERSION)";
				GCC_TREAT_WARNINGS_AS_ERRORS = NO;
				GCC_VERSION = "";
				GCC_WARN_ABOUT_RETURN_TYPE = NO;
				GCC_WARN_MISSING_PARENTHESES = NO;
				GCC_WARN_SHADOW = NO;
				GCC_WARN_STRICT_SELECTOR_MATCH = NO;
				GCC_WARN_UNUSED_FUNCTION = YES;
				GCC_WARN_UNUSED_PARAMETER = NO;
				GCC_WARN_UNUSED_VALUE = NO;
				GCC_WARN_UNUSED_VARIABLE = NO;
				INSTALL_PATH = /usr/local/lib;
				IPHONEOS_DEPLOYMENT_TARGET = 8.0;
				OTHER_CFLAGS = "-DTI_POST_1_2";
				OTHER_LDFLAGS = "-ObjC";
				PRODUCT_NAME = ti.livequery;
				RUN_CLANG_STATIC_ANALYZER = NO;
				SDKROOT = iphoneos;
				USER_HEADER_SEARCH_PATHS = "";
			};
			name = Release;
		};
		24416B8211C4CA220047AFDD /* Debug */ = {
			isa = XCBuildConfiguration;
			baseConfigurationReference = 24DD6D1B1134B66800162E58 /* titanium.xcconfig */;
			buildSettings = {
				COPY_PHASE_STRIP = NO;
				GCC_DYNAMIC_NO_PIC = NO;
				GCC_OPTIMIZATION_LEVEL = 0;
				PRODUCT_NAME = "Build & test";
			};
			name = Debug;
		};
		24416B8311C4CA220047AFDD /* Release */ = {
			isa = XCBuildConfiguration;
			baseConfigurationReference = 24DD6D1B1134B66800162E58 /* titanium.xcconfig */;
			buildSettings = {
				COPY_PHASE_STRIP = YES;
				DEBUG_INFORMATION_FORMAT = "dwarf-with-dsym";
				GCC_ENABLE_FIX_AND_CONTINUE = NO;
				PRODUCT_NAME = "Build & test";
				ZERO_LINK = NO;
			};
			name = Release;
		};
/* End XCBuildConfiguration section */

/* Begin XCConfigurationList section */
		1DEB921E08733DC00010E9CD /* Build configuration list for PBXNativeTarget "titanium-parse-live-query" */ = {
			isa = XCConfigurationList;
			buildConfigurations = (
				1DEB921F08733DC00010E9CD /* Debug */,
				1DEB922008733DC00010E9CD /* Release */,
			);
			defaultConfigurationIsVisible = 0;
			defaultConfigurationName = Release;
		};
		1DEB922208733DC00010E9CD /* Build configuration list for PBXProject "titanium-parse-live-query" */ = {
			isa = XCConfigurationList;
			buildConfigurations = (
				1DEB922308733DC00010E9CD /* Debug */,
				1DEB922408733DC00010E9CD /* Release */,
			);
			defaultConfigurationIsVisible = 0;
			defaultConfigurationName = Release;
		};
		24416B8A11C4CA520047AFDD /* Build configuration list for PBXAggregateTarget "Build & Test" */ = {
			isa = XCConfigurationList;
			buildConfigurations = (
				24416B8211C4CA220047AFDD /* Debug */,
				24416B8311C4CA220047AFDD /* Release */,
			);
			defaultConfigurationIsVisible = 0;
			defaultConfigurationName = Release;
		};
/* End XCConfigurationList section */
	};
	rootObject = 0867D690FE84028FC02AAC07 /* Project object */;
}
